
Microsoft Visual Studio Solution File, Format Version 11.00
# Visual Studio 2010
Project("{FAE04EC0-301F-11D3-BF4B-00C04F79EFBC}") = "NannarFtp", "NannarFtp\NannarFtp.csproj", "{74C02C57-E2A2-4DBA-9F07-B3A006BDAF07}"
EndProject
Global
	GlobalSection(SolutionConfigurationPlatforms) = preSolution
		Debug|x86 = Debug|x86
		Release|x86 = Release|x86
	EndGlobalSection
	GlobalSection(ProjectConfigurationPlatforms) = postSolution
		{74C02C57-E2A2-4DBA-9F07-B3A006BDAF07}.Debug|x86.ActiveCfg = Debug|x86
		{74C02C57-E2A2-4DBA-9F07-B3A006BDAF07}.Debug|x86.Build.0 = Debug|x86
		{74C02C57-E2A2-4DBA-9F07-B3A006BDAF07}.Release|x86.ActiveCfg = Release|x86
		{74C02C57-E2A2-4DBA-9F07-B3A006BDAF07}.Release|x86.Build.0 = Release|x86
	EndGlobalSection
	GlobalSection(SolutionProperties) = preSolution
		HideSolutionNode = FALSE
	EndGlobalSection
EndGlobal
